
Microsoft Visual Studio Solution File, Format Version 12.00
# Visual Studio 15
VisualStudioVersion = 15.0.26730.15
MinimumVisualStudioVersion = 10.0.40219.1
Project("{FAE04EC0-301F-11D3-BF4B-00C04F79EFBC}") = "WordBook", "src\WordBook\WordBook.csproj", "{61BE1D31-1C8D-4863-B479-2AC336A4F8C3}"
EndProject
Global
	GlobalSection(SolutionConfigurationPlatforms) = preSolution
		Debug|Any CPU = Debug|Any CPU
		Release|Any CPU = Release|Any CPU
	EndGlobalSection
	GlobalSection(ProjectConfigurationPlatforms) = postSolution
		{61BE1D31-1C8D-4863-B479-2AC336A4F8C3}.Debug|Any CPU.ActiveCfg = Debug|Any CPU
		{61BE1D31-1C8D-4863-B479-2AC336A4F8C3}.Debug|Any CPU.Build.0 = Debug|Any CPU
		{61BE1D31-1C8D-4863-B479-2AC336A4F8C3}.Release|Any CPU.ActiveCfg = Release|Any CPU
		{61BE1D31-1C8D-4863-B479-2AC336A4F8C3}.Release|Any CPU.Build.0 = Release|Any CPU
	EndGlobalSection
	GlobalSection(SolutionProperties) = preSolution
		HideSolutionNode = FALSE
	EndGlobalSection
	GlobalSection(ExtensibilityGlobals) = postSolution
		SolutionGuid = {0B1CCA9D-641F-4172-A900-881E5F1910C7}
	EndGlobalSection
EndGlobal
